
Microsoft Visual Studio Solution File, Format Version 12.00
# Visual Studio 15
VisualStudioVersion = 15.0.28307.136
MinimumVisualStudioVersion = 10.0.40219.1
Project("{FAE04EC0-301F-11D3-BF4B-00C04F79EFBC}") = "FilmeLibrary", "FilmeLibrary\FilmeLibrary.csproj", "{D4321D84-123B-4E7A-A2E9-511544D3614F}"
EndProject
Project("{FAE04EC0-301F-11D3-BF4B-00C04F79EFBC}") = "FilmeShop", "FilmeShop\FilmeShop.csproj", "{792FFD26-E388-4DEC-A577-FE5B35569067}"
EndProject
Project("{FAE04EC0-301F-11D3-BF4B-00C04F79EFBC}") = "TestFilme", "UnitTestProject1\TestFilme.csproj", "{F64F1F39-117E-4182-9C7D-A2F7CF6B7D1C}"
EndProject
Global
	GlobalSection(SolutionConfigurationPlatforms) = preSolution
		Debug|Any CPU = Debug|Any CPU
		Release|Any CPU = Release|Any CPU
	EndGlobalSection
	GlobalSection(ProjectConfigurationPlatforms) = postSolution
		{D4321D84-123B-4E7A-A2E9-511544D3614F}.Debug|Any CPU.ActiveCfg = Debug|Any CPU
		{D4321D84-123B-4E7A-A2E9-511544D3614F}.Debug|Any CPU.Build.0 = Debug|Any CPU
		{D4321D84-123B-4E7A-A2E9-511544D3614F}.Release|Any CPU.ActiveCfg = Release|Any CPU
		{D4321D84-123B-4E7A-A2E9-511544D3614F}.Release|Any CPU.Build.0 = Release|Any CPU
		{792FFD26-E388-4DEC-A577-FE5B35569067}.Debug|Any CPU.ActiveCfg = Debug|Any CPU
		{792FFD26-E388-4DEC-A577-FE5B35569067}.Debug|Any CPU.Build.0 = Debug|Any CPU
		{792FFD26-E388-4DEC-A577-FE5B35569067}.Release|Any CPU.ActiveCfg = Release|Any CPU
		{792FFD26-E388-4DEC-A577-FE5B35569067}.Release|Any CPU.Build.0 = Release|Any CPU
		{F64F1F39-117E-4182-9C7D-A2F7CF6B7D1C}.Debug|Any CPU.ActiveCfg = Debug|Any CPU
		{F64F1F39-117E-4182-9C7D-A2F7CF6B7D1C}.Debug|Any CPU.Build.0 = Debug|Any CPU
		{F64F1F39-117E-4182-9C7D-A2F7CF6B7D1C}.Release|Any CPU.ActiveCfg = Release|Any CPU
		{F64F1F39-117E-4182-9C7D-A2F7CF6B7D1C}.Release|Any CPU.Build.0 = Release|Any CPU
	EndGlobalSection
	GlobalSection(SolutionProperties) = preSolution
		HideSolutionNode = FALSE
	EndGlobalSection
	GlobalSection(ExtensibilityGlobals) = postSolution
		SolutionGuid = {5DC4AB8A-0198-4F50-8EFC-3AE0F8082879}
	EndGlobalSection
EndGlobal
